
Microsoft Visual Studio Solution File, Format Version 12.00
# Visual Studio Version 16
VisualStudioVersion = 16.0.31729.503
MinimumVisualStudioVersion = 10.0.40219.1
Project("{FAE04EC0-301F-11D3-BF4B-00C04F79EFBC}") = "FizzBuzzKata", "FizzBuzzKata\FizzBuzzKata.csproj", "{BBC55997-D7D8-438E-A0AB-413461BD1615}"
EndProject
Project("{FAE04EC0-301F-11D3-BF4B-00C04F79EFBC}") = "FizzBuzzKata.Tests", "FizzBuzzKata.Tests\FizzBuzzKata.Tests.csproj", "{AA6CC4B6-7BD7-4A99-BFEB-B7A6BD2369B6}"
	ProjectSection(ProjectDependencies) = postProject
		{BBC55997-D7D8-438E-A0AB-413461BD1615} = {BBC55997-D7D8-438E-A0AB-413461BD1615}
	EndProjectSection
EndProject
Global
	GlobalSection(SolutionConfigurationPlatforms) = preSolution
		Debug|Any CPU = Debug|Any CPU
		Release|Any CPU = Release|Any CPU
	EndGlobalSection
	GlobalSection(ProjectConfigurationPlatforms) = postSolution
		{BBC55997-D7D8-438E-A0AB-413461BD1615}.Debug|Any CPU.ActiveCfg = Debug|Any CPU
		{BBC55997-D7D8-438E-A0AB-413461BD1615}.Debug|Any CPU.Build.0 = Debug|Any CPU
		{BBC55997-D7D8-438E-A0AB-413461BD1615}.Release|Any CPU.ActiveCfg = Release|Any CPU
		{BBC55997-D7D8-438E-A0AB-413461BD1615}.Release|Any CPU.Build.0 = Release|Any CPU
		{AA6CC4B6-7BD7-4A99-BFEB-B7A6BD2369B6}.Debug|Any CPU.ActiveCfg = Debug|Any CPU
		{AA6CC4B6-7BD7-4A99-BFEB-B7A6BD2369B6}.Debug|Any CPU.Build.0 = Debug|Any CPU
		{AA6CC4B6-7BD7-4A99-BFEB-B7A6BD2369B6}.Release|Any CPU.ActiveCfg = Release|Any CPU
		{AA6CC4B6-7BD7-4A99-BFEB-B7A6BD2369B6}.Release|Any CPU.Build.0 = Release|Any CPU
	EndGlobalSection
	GlobalSection(SolutionProperties) = preSolution
		HideSolutionNode = FALSE
	EndGlobalSection
	GlobalSection(ExtensibilityGlobals) = postSolution
		SolutionGuid = {4F66A1FF-2340-442D-A314-E483ACE9BAF5}
	EndGlobalSection
EndGlobal
